dependencies:
  espressif/led_strip:
    component_hash: f0d1b7f93eb3ee57bcfd220656176b0b5616e1947f89ed44364555cf910c4840
    dependencies:
    - name: idf
      require: private
      version: '>=5.0'
    source:
      registry_url: https://components.espressif.com/
      type: service
    version: 3.0.2
  idf:
    source:
      type: idf
    version: 5.5.1
direct_dependencies:
- espressif/led_strip
- idf
manifest_hash: ef38ecfa35dee4ae2db6f5ee5e7d2a3689cc8a531c5fdcdc32f31f504af9b46f
target: esp32s3
version: 2.0.0
